Microsoft Visual Studio Solution File, Format Version 12.00
# Visual Studio Version 17
VisualStudioVersion = 17.5.2.0
MinimumVisualStudioVersion = 10.0.40219.1
Project("{FAE04EC0-301F-11D3-BF4B-00C04F79EFBC}") = "MonitoringDokumenGS", "MonitoringDokumenGS.csproj", "{59BD2FB7-2132-DC94-1961-95E45EF3E861}"
EndProject
Global
	GlobalSection(SolutionConfigurationPlatforms) = preSolution
		Debug|Any CPU = Debug|Any CPU
		Release|Any CPU = Release|Any CPU
	EndGlobalSection
	GlobalSection(ProjectConfigurationPlatforms) = postSolution
		{59BD2FB7-2132-DC94-1961-95E45EF3E861}.Debug|Any CPU.ActiveCfg = Debug|Any CPU
		{59BD2FB7-2132-DC94-1961-95E45EF3E861}.Debug|Any CPU.Build.0 = Debug|Any CPU
		{59BD2FB7-2132-DC94-1961-95E45EF3E861}.Release|Any CPU.ActiveCfg = Release|Any CPU
		{59BD2FB7-2132-DC94-1961-95E45EF3E861}.Release|Any CPU.Build.0 = Release|Any CPU
	EndGlobalSection
	GlobalSection(SolutionProperties) = preSolution
		HideSolutionNode = FALSE
	EndGlobalSection
	GlobalSection(ExtensibilityGlobals) = postSolution
		SolutionGuid = {A1FBCF75-1DB2-4576-91C5-CCAB7AB8CEFB}
	EndGlobalSection
EndGlobal
